
Microsoft Visual Studio Solution File, Format Version 12.00
# Visual Studio Version 16
VisualStudioVersion = 16.0.30907.101
MinimumVisualStudioVersion = 15.0.26124.0
Project("{FAE04EC0-301F-11D3-BF4B-00C04F79EFBC}") = "NWebSec.MVC", "NWebSec.MVC\NWebSec.MVC.csproj", "{AB55739D-7A3B-418B-9FAD-B4BD03DD430A}"
EndProject
Global
	GlobalSection(SolutionConfigurationPlatforms) = preSolution
		Debug|Any CPU = Debug|Any CPU
		Debug|x64 = Debug|x64
		Debug|x86 = Debug|x86
		Release|Any CPU = Release|Any CPU
		Release|x64 = Release|x64
		Release|x86 = Release|x86
	EndGlobalSection
	GlobalSection(ProjectConfigurationPlatforms) = postSolution
		{AB55739D-7A3B-418B-9FAD-B4BD03DD430A}.Debug|Any CPU.ActiveCfg = Debug|Any CPU
		{AB55739D-7A3B-418B-9FAD-B4BD03DD430A}.Debug|Any CPU.Build.0 = Debug|Any CPU
		{AB55739D-7A3B-418B-9FAD-B4BD03DD430A}.Debug|x64.ActiveCfg = Debug|Any CPU
		{AB55739D-7A3B-418B-9FAD-B4BD03DD430A}.Debug|x64.Build.0 = Debug|Any CPU
		{AB55739D-7A3B-418B-9FAD-B4BD03DD430A}.Debug|x86.ActiveCfg = Debug|Any CPU
		{AB55739D-7A3B-418B-9FAD-B4BD03DD430A}.Debug|x86.Build.0 = Debug|Any CPU
		{AB55739D-7A3B-418B-9FAD-B4BD03DD430A}.Release|Any CPU.ActiveCfg = Release|Any CPU
		{AB55739D-7A3B-418B-9FAD-B4BD03DD430A}.Release|Any CPU.Build.0 = Release|Any CPU
		{AB55739D-7A3B-418B-9FAD-B4BD03DD430A}.Release|x64.ActiveCfg = Release|Any CPU
		{AB55739D-7A3B-418B-9FAD-B4BD03DD430A}.Release|x64.Build.0 = Release|Any CPU
		{AB55739D-7A3B-418B-9FAD-B4BD03DD430A}.Release|x86.ActiveCfg = Release|Any CPU
		{AB55739D-7A3B-418B-9FAD-B4BD03DD430A}.Release|x86.Build.0 = Release|Any CPU
	EndGlobalSection
	GlobalSection(SolutionProperties) = preSolution
		HideSolutionNode = FALSE
	EndGlobalSection
	GlobalSection(ExtensibilityGlobals) = postSolution
		SolutionGuid = {A291F87F-CAE7-4972-8E19-E15FD60BD32A}
	EndGlobalSection
EndGlobal
